
Microsoft Visual Studio Solution File, Format Version 12.00
# Visual Studio Version 16
VisualStudioVersion = 16.0.31321.278
MinimumVisualStudioVersion = 10.0.40219.1
Project("{FAE04EC0-301F-11D3-BF4B-00C04F79EFBC}") = "Conditionals_Babcock_Olivia", "Conditionals_Babcock_Olivia\Conditionals_Babcock_Olivia.csproj", "{DE44A484-B288-47B3-AFF8-1CD388876EA6}"
EndProject
Global
	GlobalSection(SolutionConfigurationPlatforms) = preSolution
		Debug|Any CPU = Debug|Any CPU
		Release|Any CPU = Release|Any CPU
	EndGlobalSection
	GlobalSection(ProjectConfigurationPlatforms) = postSolution
		{DE44A484-B288-47B3-AFF8-1CD388876EA6}.Debug|Any CPU.ActiveCfg = Debug|Any CPU
		{DE44A484-B288-47B3-AFF8-1CD388876EA6}.Debug|Any CPU.Build.0 = Debug|Any CPU
		{DE44A484-B288-47B3-AFF8-1CD388876EA6}.Release|Any CPU.ActiveCfg = Release|Any CPU
		{DE44A484-B288-47B3-AFF8-1CD388876EA6}.Release|Any CPU.Build.0 = Release|Any CPU
	EndGlobalSection
	GlobalSection(SolutionProperties) = preSolution
		HideSolutionNode = FALSE
	EndGlobalSection
	GlobalSection(ExtensibilityGlobals) = postSolution
		SolutionGuid = {862E595F-C276-425A-9C79-20E46E103CC2}
	EndGlobalSection
EndGlobal
